PODS:
  - LZDependencyControllerkit (0.3.3):
    - LZDependencyControllerkit/StartPageController (= 0.3.3)
    - LZDependencyControllerkit/TabBarController (= 0.3.3)
    - LZDependencyControllerkit/WebViewController (= 0.3.3)
    - LZDependencyToolkit
  - LZDependencyControllerkit/StartPageController (0.3.3):
    - LZDependencyToolkit
  - LZDependencyControllerkit/TabBarController (0.3.3):
    - LZDependencyToolkit
  - LZDependencyControllerkit/WebViewController (0.3.3):
    - LZDependencyToolkit
  - LZDependencyToolkit (1.6.7):
    - LZDependencyToolkit/Category (= 1.6.7)
    - LZDependencyToolkit/Define (= 1.6.7)
    - LZDependencyToolkit/Object (= 1.6.7)
    - LZDependencyToolkit/Struct (= 1.6.7)
  - LZDependencyToolkit/Category (1.6.7):
    - MJRefresh
  - LZDependencyToolkit/Define (1.6.7)
  - LZDependencyToolkit/Object (1.6.7)
  - LZDependencyToolkit/Struct (1.6.7):
    - LZDependencyToolkit/Struct/AppUnit (= 1.6.7)
    - LZDependencyToolkit/Struct/CryptoUnit (= 1.6.7)
    - LZDependencyToolkit/Struct/DeviceUnit (= 1.6.7)
    - LZDependencyToolkit/Struct/QuickUnit (= 1.6.7)
  - LZDependencyToolkit/Struct/AppUnit (1.6.7)
  - LZDependencyToolkit/Struct/CryptoUnit (1.6.7)
  - LZDependencyToolkit/Struct/DeviceUnit (1.6.7)
  - LZDependencyToolkit/Struct/QuickUnit (1.6.7)
  - MJRefresh (3.4.1)

DEPENDENCIES:
  - LZDependencyControllerkit (from `../`)

SPEC REPOS:
  https://github.com/CocoaPods/Specs.git:
    - LZDependencyToolkit
    - MJRefresh

EXTERNAL SOURCES:
  LZDependencyControllerkit:
    :path: "../"

SPEC CHECKSUMS:
  LZDependencyControllerkit: 9b492976b9bedac73522cece8dc01192199a100f
  LZDependencyToolkit: 32eefa78a1f78a7a68315e9a798815ab256b8a1c
  MJRefresh: 3153c59a363159092c08b2177ec3a7d09f90bfaf

PODFILE CHECKSUM: 2505cb330acfd522b830c62e463121ccbe219064

COCOAPODS: 1.9.1
