PODS:
  - LZDependencyControllerkit (0.5.5):
    - LZDependencyControllerkit/PickerViewController (= 0.5.5)
    - LZDependencyControllerkit/StartPageController (= 0.5.5)
    - LZDependencyControllerkit/TabBarController (= 0.5.5)
    - LZDependencyControllerkit/WebViewController (= 0.5.5)
    - LZDependencyToolkit
  - LZDependencyControllerkit/PickerViewController (0.5.5):
    - LZDependencyToolkit
  - LZDependencyControllerkit/StartPageController (0.5.5):
    - LZDependencyToolkit
  - LZDependencyControllerkit/TabBarController (0.5.5):
    - LZDependencyToolkit
  - LZDependencyControllerkit/WebViewController (0.5.5):
    - LZDependencyToolkit
  - LZDependencyToolkit (2.0.2):
    - LZDependencyToolkit/Category (= 2.0.2)
    - LZDependencyToolkit/Define (= 2.0.2)
    - LZDependencyToolkit/Object (= 2.0.2)
    - LZDependencyToolkit/Struct (= 2.0.2)
  - LZDependencyToolkit/Category (2.0.2):
    - MJRefresh
  - LZDependencyToolkit/Define (2.0.2)
  - LZDependencyToolkit/Object (2.0.2)
  - LZDependencyToolkit/Struct (2.0.2):
    - LZDependencyToolkit/Struct/AppUnit (= 2.0.2)
    - LZDependencyToolkit/Struct/CryptoUnit (= 2.0.2)
    - LZDependencyToolkit/Struct/DeviceUnit (= 2.0.2)
    - LZDependencyToolkit/Struct/QuickUnit (= 2.0.2)
  - LZDependencyToolkit/Struct/AppUnit (2.0.2)
  - LZDependencyToolkit/Struct/CryptoUnit (2.0.2)
  - LZDependencyToolkit/Struct/DeviceUnit (2.0.2)
  - LZDependencyToolkit/Struct/QuickUnit (2.0.2)
  - MJRefresh (3.5.0)

DEPENDENCIES:
  - LZDependencyControllerkit (from `../`)

SPEC REPOS:
  https://github.com/CocoaPods/Specs.git:
    - LZDependencyToolkit
    - MJRefresh

EXTERNAL SOURCES:
  LZDependencyControllerkit:
    :path: "../"

SPEC CHECKSUMS:
  LZDependencyControllerkit: a1c79a0b8da91b44b0acb00f7161dca1be4db87a
  LZDependencyToolkit: f87f55cbe17ca3d653afebbd3be4369f6a739bab
  MJRefresh: 6afc955813966afb08305477dd7a0d9ad5e79a16

PODFILE CHECKSUM: 2505cb330acfd522b830c62e463121ccbe219064

COCOAPODS: 1.10.0
