PODS:
  - LZDependencyControllerkit (0.6.0):
    - LZDependencyControllerkit/PickerViewController (= 0.6.0)
    - LZDependencyControllerkit/StartPageController (= 0.6.0)
    - LZDependencyControllerkit/TabBarController (= 0.6.0)
    - LZDependencyControllerkit/WebViewController (= 0.6.0)
    - LZDependencyToolkit
  - LZDependencyControllerkit/PickerViewController (0.6.0):
    - LZDependencyToolkit
  - LZDependencyControllerkit/StartPageController (0.6.0):
    - LZDependencyToolkit
  - LZDependencyControllerkit/TabBarController (0.6.0):
    - LZDependencyToolkit
  - LZDependencyControllerkit/WebViewController (0.6.0):
    - LZDependencyToolkit
  - LZDependencyToolkit (2.0.4):
    - LZDependencyToolkit/Category (= 2.0.4)
    - LZDependencyToolkit/Define (= 2.0.4)
    - LZDependencyToolkit/Object (= 2.0.4)
    - LZDependencyToolkit/Struct (= 2.0.4)
  - LZDependencyToolkit/Category (2.0.4):
    - MJRefresh
  - LZDependencyToolkit/Define (2.0.4)
  - LZDependencyToolkit/Object (2.0.4)
  - LZDependencyToolkit/Struct (2.0.4):
    - LZDependencyToolkit/Struct/AppUnit (= 2.0.4)
    - LZDependencyToolkit/Struct/CryptoUnit (= 2.0.4)
    - LZDependencyToolkit/Struct/DeviceUnit (= 2.0.4)
    - LZDependencyToolkit/Struct/QuickUnit (= 2.0.4)
  - LZDependencyToolkit/Struct/AppUnit (2.0.4)
  - LZDependencyToolkit/Struct/CryptoUnit (2.0.4)
  - LZDependencyToolkit/Struct/DeviceUnit (2.0.4)
  - LZDependencyToolkit/Struct/QuickUnit (2.0.4)
  - MJRefresh (3.5.0)

DEPENDENCIES:
  - LZDependencyControllerkit (from `../`)

SPEC REPOS:
  https://github.com/CocoaPods/Specs.git:
    - LZDependencyToolkit
    - MJRefresh

EXTERNAL SOURCES:
  LZDependencyControllerkit:
    :path: "../"

SPEC CHECKSUMS:
  LZDependencyControllerkit: 0171b7a923e1a7b79806ed88ee024f8a5ff99c9e
  LZDependencyToolkit: 249183f00555e7e4f26c66642e10f38d8a7007b8
  MJRefresh: 6afc955813966afb08305477dd7a0d9ad5e79a16

PODFILE CHECKSUM: 2505cb330acfd522b830c62e463121ccbe219064

COCOAPODS: 1.10.0
